
Microsoft Visual Studio Solution File, Format Version 12.00
# Visual Studio 2013
VisualStudioVersion = 12.0.30501.0
MinimumVisualStudioVersion = 10.0.40219.1
Project("{8BC9CEB8-8B4A-11D0-8D11-00A0C91BC942}") = "2048", "2048\2048.vcxproj", "{EA4FD90D-8968-438A-8835-F39BCB4F260F}"
EndProject
Global
	GlobalSection(SolutionConfigurationPlatforms) = preSolution
		Debug|Win32 = Debug|Win32
		Release|Win32 = Release|Win32
	EndGlobalSection
	GlobalSection(ProjectConfigurationPlatforms) = postSolution
		{EA4FD90D-8968-438A-8835-F39BCB4F260F}.Debug|Win32.ActiveCfg = Debug|Win32
		{EA4FD90D-8968-438A-8835-F39BCB4F260F}.Debug|Win32.Build.0 = Debug|Win32
		{EA4FD90D-8968-438A-8835-F39BCB4F260F}.Release|Win32.ActiveCfg = Release|Win32
		{EA4FD90D-8968-438A-8835-F39BCB4F260F}.Release|Win32.Build.0 = Release|Win32
	EndGlobalSection
	GlobalSection(SolutionProperties) = preSolution
		HideSolutionNode = FALSE
	EndGlobalSection
EndGlobal
